
Microsoft Visual Studio Solution File, Format Version 12.00
# Visual Studio Version 17
VisualStudioVersion = 17.5.002.0
MinimumVisualStudioVersion = 10.0.40219.1
Project("{9A19103F-16F7-4668-BE54-9A1E7A4F7556}") = "CartaoCard", "CartaoCard.csproj", "{A42E70B5-A4C4-4543-97F5-38114F22411B}"
EndProject
Global
	GlobalSection(SolutionConfigurationPlatforms) = preSolution
		Debug|Any CPU = Debug|Any CPU
		Release|Any CPU = Release|Any CPU
	EndGlobalSection
	GlobalSection(ProjectConfigurationPlatforms) = postSolution
		{A42E70B5-A4C4-4543-97F5-38114F22411B}.Debug|Any CPU.ActiveCfg = Debug|Any CPU
		{A42E70B5-A4C4-4543-97F5-38114F22411B}.Debug|Any CPU.Build.0 = Debug|Any CPU
		{A42E70B5-A4C4-4543-97F5-38114F22411B}.Release|Any CPU.ActiveCfg = Release|Any CPU
		{A42E70B5-A4C4-4543-97F5-38114F22411B}.Release|Any CPU.Build.0 = Release|Any CPU
	EndGlobalSection
	GlobalSection(SolutionProperties) = preSolution
		HideSolutionNode = FALSE
	EndGlobalSection
	GlobalSection(ExtensibilityGlobals) = postSolution
		SolutionGuid = {8958688C-9C4A-4B01-9A17-ED04D3C336B6}
	EndGlobalSection
EndGlobal
